<?xml version="1.0" encoding="utf-8"?>
<Project ToolsVersion="4.0" xmlns="http://schemas.microsoft.com/developer/msbuild/2003">
  <ItemGroup>
    <Filter Include="res">
      <UniqueIdentifier>{012043de-f169-4b8a-bbd7-6d7623a6c47f}</UniqueIdentifier>
    </Filter>
    <Filter Include="src">
      <UniqueIdentifier>{9bcb5222-4f77-4db8-8c80-8d6f7f57d801}</UniqueIdentifier>
      <Extensions>cpp;c;cc;cxx;c++;cppm;ixx;def;odl;idl;hpj;bat;asm;asmx</Extensions>
    </Filter>
    <Filter Include="src\exports">
      <UniqueIdentifier>{45a9cd95-54fe-4204-b294-8c11b8122833}</UniqueIdentifier>
      <Extensions>cpp;c;cc;cxx;c++;cppm;ixx;def;odl;idl;hpj;bat;asm;asmx</Extensions>
    </Filter>
    <Filter Include="src\utils">
      <UniqueIdentifier>{75773edb-4ab3-40b7-8c67-3a4cea6adbef}</UniqueIdentifier>
    </Filter>
  </ItemGroup>
  <ItemGroup>
    <ClCompile Include="src\dllmain.cpp">
      <Filter>src</Filter>
    </ClCompile>
    <ClCompile Include="src\LoaderRuntime.cpp">
      <Filter>src</Filter>
    </ClCompile>
    <ClCompile Include="src\ModLoader.cpp">
      <Filter>src</Filter>
    </ClCompile>
    <ClCompile Include="src\OriginalDll.cpp">
      <Filter>src</Filter>
    </ClCompile>
    <ClCompile Include="src\exports\ProxyExports.cpp">
      <Filter>src\exports</Filter>
    </ClCompile>
    <ClCompile Include="src\utils\Logger.cpp">
      <Filter>src\utils</Filter>
    </ClCompile>
  </ItemGroup>
  <ItemGroup>
    <ClInclude Include="res\resource.h">
      <Filter>res</Filter>
    </ClInclude>
    <ClInclude Include="src\LoaderRuntime.hpp">
      <Filter>src</Filter>
    </ClInclude>
    <ClInclude Include="src\ModLoader.hpp">
      <Filter>src</Filter>
    </ClInclude>
    <ClInclude Include="src\OriginalDll.hpp">
      <Filter>src</Filter>
    </ClInclude>
    <ClInclude Include="src\exports\ProxyExports.hpp">
      <Filter>src\exports</Filter>
    </ClInclude>
    <ClInclude Include="src\utils\Logger.hpp">
      <Filter>src\utils</Filter>
    </ClInclude>
  </ItemGroup>
  <ItemGroup>
    <ResourceCompile Include="res\resource.rc">
      <Filter>res</Filter>
    </ResourceCompile>
  </ItemGroup>
  <ItemGroup>
    <None Include="src\exports\exports.def">
      <Filter>src\exports</Filter>
    </None>
  </ItemGroup>
</Project>
